{
    "name": "hybrid-package-json",
    "version": "0.0.1",
    "lockfileVersion": 2,
    "requires": true,
    "packages": {
        "": {
            "name": "hybrid-package-json",
            "version": "0.0.1",
            "license": "MIT",
            "bin": {
                "hybrid-package-json": "bin/index.js"
            }
        }
    }
}